
Microsoft Visual Studio Solution File, Format Version 12.00
# Visual Studio Version 16
VisualStudioVersion = 16.0.30002.166
MinimumVisualStudioVersion = 10.0.40219.1
Project("{FAE04EC0-301F-11D3-BF4B-00C04F79EFBC}") = "SquarePlugin", "SquarePlugin.csproj", "{4B4053F8-AD3C-443F-AB60-0F380ACB94EE}"
EndProject
Global
	GlobalSection(SolutionConfigurationPlatforms) = preSolution
		Debug|Any CPU = Debug|Any CPU
		Release|Any CPU = Release|Any CPU
	EndGlobalSection
	GlobalSection(ProjectConfigurationPlatforms) = postSolution
		{4B4053F8-AD3C-443F-AB60-0F380ACB94EE}.Debug|Any CPU.ActiveCfg = Debug|Any CPU
		{4B4053F8-AD3C-443F-AB60-0F380ACB94EE}.Debug|Any CPU.Build.0 = Debug|Any CPU
		{4B4053F8-AD3C-443F-AB60-0F380ACB94EE}.Release|Any CPU.ActiveCfg = Release|Any CPU
		{4B4053F8-AD3C-443F-AB60-0F380ACB94EE}.Release|Any CPU.Build.0 = Release|Any CPU
	EndGlobalSection
	GlobalSection(SolutionProperties) = preSolution
		HideSolutionNode = FALSE
	EndGlobalSection
	GlobalSection(ExtensibilityGlobals) = postSolution
		SolutionGuid = {D51F03D0-9845-428A-A01B-189E1AD7BDAD}
	EndGlobalSection
EndGlobal
